
Microsoft Visual Studio Solution File, Format Version 12.00
# Visual Studio Version 16
VisualStudioVersion = 16.0.29609.76
MinimumVisualStudioVersion = 10.0.40219.1
Project("{FAE04EC0-301F-11D3-BF4B-00C04F79EFBC}") = "QGS.MVC", "QGS\QGS.MVC.csproj", "{E0552E26-6276-4805-B44C-627E86EC1D7B}"
EndProject
Project("{FAE04EC0-301F-11D3-BF4B-00C04F79EFBC}") = "QGS.BL", "QGS.BL\QGS.BL.csproj", "{0F4B5185-49F4-411C-A152-B55EDF95EE4B}"
EndProject
Project("{FAE04EC0-301F-11D3-BF4B-00C04F79EFBC}") = "QGS.DL", "QGS.DL\QGS.DL.csproj", "{EC397976-0895-4ECB-8855-24E5980E1905}"
EndProject
Project("{FAE04EC0-301F-11D3-BF4B-00C04F79EFBC}") = "QGS.Entities", "QGS.Entities\QGS.Entities.csproj", "{0F4C10FB-C04E-4394-A17C-DDDA0E196CB1}"
EndProject
Project("{FAE04EC0-301F-11D3-BF4B-00C04F79EFBC}") = "QGS.WebAPI", "QGS.WebAPI\QGS.WebAPI.csproj", "{75645EFE-94E0-42F1-83C8-EFCCD5FF4228}"
EndProject
Global
	GlobalSection(SolutionConfigurationPlatforms) = preSolution
		Debug|Any CPU = Debug|Any CPU
		Release|Any CPU = Release|Any CPU
	EndGlobalSection
	GlobalSection(ProjectConfigurationPlatforms) = postSolution
		{E0552E26-6276-4805-B44C-627E86EC1D7B}.Debug|Any CPU.ActiveCfg = Debug|Any CPU
		{E0552E26-6276-4805-B44C-627E86EC1D7B}.Debug|Any CPU.Build.0 = Debug|Any CPU
		{E0552E26-6276-4805-B44C-627E86EC1D7B}.Release|Any CPU.ActiveCfg = Release|Any CPU
		{E0552E26-6276-4805-B44C-627E86EC1D7B}.Release|Any CPU.Build.0 = Release|Any CPU
		{0F4B5185-49F4-411C-A152-B55EDF95EE4B}.Debug|Any CPU.ActiveCfg = Debug|Any CPU
		{0F4B5185-49F4-411C-A152-B55EDF95EE4B}.Debug|Any CPU.Build.0 = Debug|Any CPU
		{0F4B5185-49F4-411C-A152-B55EDF95EE4B}.Release|Any CPU.ActiveCfg = Release|Any CPU
		{0F4B5185-49F4-411C-A152-B55EDF95EE4B}.Release|Any CPU.Build.0 = Release|Any CPU
		{EC397976-0895-4ECB-8855-24E5980E1905}.Debug|Any CPU.ActiveCfg = Debug|Any CPU
		{EC397976-0895-4ECB-8855-24E5980E1905}.Debug|Any CPU.Build.0 = Debug|Any CPU
		{EC397976-0895-4ECB-8855-24E5980E1905}.Release|Any CPU.ActiveCfg = Release|Any CPU
		{EC397976-0895-4ECB-8855-24E5980E1905}.Release|Any CPU.Build.0 = Release|Any CPU
		{0F4C10FB-C04E-4394-A17C-DDDA0E196CB1}.Debug|Any CPU.ActiveCfg = Debug|Any CPU
		{0F4C10FB-C04E-4394-A17C-DDDA0E196CB1}.Debug|Any CPU.Build.0 = Debug|Any CPU
		{0F4C10FB-C04E-4394-A17C-DDDA0E196CB1}.Release|Any CPU.ActiveCfg = Release|Any CPU
		{0F4C10FB-C04E-4394-A17C-DDDA0E196CB1}.Release|Any CPU.Build.0 = Release|Any CPU
		{75645EFE-94E0-42F1-83C8-EFCCD5FF4228}.Debug|Any CPU.ActiveCfg = Debug|Any CPU
		{75645EFE-94E0-42F1-83C8-EFCCD5FF4228}.Debug|Any CPU.Build.0 = Debug|Any CPU
		{75645EFE-94E0-42F1-83C8-EFCCD5FF4228}.Release|Any CPU.ActiveCfg = Release|Any CPU
		{75645EFE-94E0-42F1-83C8-EFCCD5FF4228}.Release|Any CPU.Build.0 = Release|Any CPU
	EndGlobalSection
	GlobalSection(SolutionProperties) = preSolution
		HideSolutionNode = FALSE
	EndGlobalSection
	GlobalSection(ExtensibilityGlobals) = postSolution
		SolutionGuid = {ADC1BEFF-BC74-47B9-9B6C-7390E81261ED}
	EndGlobalSection
EndGlobal
